
Microsoft Visual Studio Solution File, Format Version 12.00
# Visual Studio Version 17
VisualStudioVersion = 17.6.33829.357
MinimumVisualStudioVersion = 10.0.40219.1
Project("{FAE04EC0-301F-11D3-BF4B-00C04F79EFBC}") = "SWD_C#_Modul", "ConsoleApp1\SWD_C#_Modul.csproj", "{EB6AB06D-44FA-4840-915F-123A855692E7}"
EndProject
Global
	GlobalSection(SolutionConfigurationPlatforms) = preSolution
		Debug|Any CPU = Debug|Any CPU
		Release|Any CPU = Release|Any CPU
	EndGlobalSection
	GlobalSection(ProjectConfigurationPlatforms) = postSolution
		{EB6AB06D-44FA-4840-915F-123A855692E7}.Debug|Any CPU.ActiveCfg = Debug|Any CPU
		{EB6AB06D-44FA-4840-915F-123A855692E7}.Debug|Any CPU.Build.0 = Debug|Any CPU
		{EB6AB06D-44FA-4840-915F-123A855692E7}.Release|Any CPU.ActiveCfg = Release|Any CPU
		{EB6AB06D-44FA-4840-915F-123A855692E7}.Release|Any CPU.Build.0 = Release|Any CPU
	EndGlobalSection
	GlobalSection(SolutionProperties) = preSolution
		HideSolutionNode = FALSE
	EndGlobalSection
	GlobalSection(ExtensibilityGlobals) = postSolution
		SolutionGuid = {CC557D10-A33A-4A5D-BFA0-D3C355474A06}
	EndGlobalSection
EndGlobal
